{
  "originHash" : "3ac27aaf816bd0ad707aeb09c935fe060ee1daced82de68485fdc925edded728",
  "pins" : [
    {
      "identity" : "opalcrypto",
      "kind" : "remoteSourceControl",
      "location" : "https://github.com/58opals/OpalCrypto.git",
      "state" : {
        "branch" : "develop",
        "revision" : "9f47529e593450175fa7485528a90b4e7cac8664"
      }
    },
    {
      "identity" : "opaldiagnostics",
      "kind" : "remoteSourceControl",
      "location" : "https://github.com/58opals/OpalDiagnostics.git",
      "state" : {
        "branch" : "develop",
        "revision" : "66b75c2be93b0315473698776632a8f732760560"
      }
    }
  ],
  "version" : 3
}
