{
  "originHash" : "ff9bf7e30e06254f6e60c61a43be51d7dc0b18b4c6aca54b023f6fc641514040",
  "pins" : [
    {
      "identity" : "opalcrypto",
      "kind" : "remoteSourceControl",
      "location" : "https://github.com/58opals/OpalCrypto.git",
      "state" : {
        "branch" : "develop",
        "revision" : "187a4ddb1e9dd4421d4108bbe8f92d36fb48f711"
      }
    },
    {
      "identity" : "opaldiagnostics",
      "kind" : "remoteSourceControl",
      "location" : "https://github.com/58opals/OpalDiagnostics.git",
      "state" : {
        "branch" : "develop",
        "revision" : "97dfa7674ea3a25147a025b9c66fd65bff74fb0e"
      }
    }
  ],
  "version" : 3
}
