{
  "originHash" : "d87153678f503275662e20b70ae1a78ecbddf5ace07a5133838346cb987df8b2",
  "pins" : [
    {
      "identity" : "opalcrypto",
      "kind" : "remoteSourceControl",
      "location" : "https://github.com/58opals/OpalCrypto.git",
      "state" : {
        "branch" : "develop",
        "revision" : "9903d6fc6fb90f2a4e8e8a27319db9e2049ae5af"
      }
    },
    {
      "identity" : "opaldiagnostics",
      "kind" : "remoteSourceControl",
      "location" : "https://github.com/58opals/OpalDiagnostics.git",
      "state" : {
        "revision" : "8c42eeb40d64776789e70694e4e5006d2afa400c",
        "version" : "0.2.0"
      }
    }
  ],
  "version" : 3
}
